{
  "name": "followalong",
  "version": "1.0.0",
  "lockfileVersion": 1,
  "requires": true,
  "dependencies": {
    "promises": {
      "version": "0.2.5",
      "resolved": "https://registry.npmjs.org/promises/-/promises-0.2.5.tgz",
      "integrity": "sha1-X1lHxR7S0p1H6Nzz4Vj0wadesx0="
    },
    "timers": {
      "version": "0.1.1",
      "resolved": "https://registry.npmjs.org/timers/-/timers-0.1.1.tgz",
      "integrity": "sha1-hqxceMHuQZaU81pY3k/UGDz7nB4="
    }
  }
}
